{
  "name": "nation",
  "version": "3.3.8",
  "lockfileVersion": 3,
  "requires": true,
  "packages": {
    "": {
      "name": "nation",
      "version": "3.3.8",
      "workspaces": [
        "packages/nation-countries",
        "packages/nation-countries-test",
        "packages/nation-currencies",
        "packages/nation-currencies-test",
        "packages/nation-flags-compose",
        "packages/nation-flags-compose-test",
        "packages_imported/kommander-core/3.3.8",
        "packages_imported/skiko-wasm-js/0.144.6",
        "packages_imported/skiko-js-wasm-runtime/0.144.6"
      ],
      "devDependencies": {}
    },
    "node_modules/kommander-core": {
      "resolved": "packages_imported/kommander-core/3.3.8",
      "link": true
    },
    "node_modules/nation-countries": {
      "resolved": "packages/nation-countries",
      "link": true
    },
    "node_modules/nation-countries-test": {
      "resolved": "packages/nation-countries-test",
      "link": true
    },
    "node_modules/nation-currencies": {
      "resolved": "packages/nation-currencies",
      "link": true
    },
    "node_modules/nation-currencies-test": {
      "resolved": "packages/nation-currencies-test",
      "link": true
    },
    "node_modules/nation-flags-compose": {
      "resolved": "packages/nation-flags-compose",
      "link": true
    },
    "node_modules/nation-flags-compose-test": {
      "resolved": "packages/nation-flags-compose-test",
      "link": true
    },
    "node_modules/skiko-js-wasm-runtime": {
      "resolved": "packages_imported/skiko-js-wasm-runtime/0.144.6",
      "link": true
    },
    "node_modules/skiko-wasm-js": {
      "resolved": "packages_imported/skiko-wasm-js/0.144.6",
      "link": true
    },
    "packages_imported/kommander-core/3.1.14": {
      "name": "kommander-core",
      "version": "3.1.14",
      "extraneous": true,
      "devDependencies": {}
    },
    "packages_imported/kommander-core/3.3.8": {
      "name": "kommander-core",
      "version": "3.3.8",
      "devDependencies": {}
    },
    "packages_imported/skiko-js-wasm-runtime/0.144.6": {
      "name": "skiko-js-wasm-runtime",
      "version": "0.144.6",
      "devDependencies": {}
    },
    "packages_imported/skiko-js-wasm-runtime/0.9.37-4": {
      "name": "skiko-js-wasm-runtime",
      "version": "0.9.37-4",
      "extraneous": true,
      "devDependencies": {}
    },
    "packages_imported/skiko-js-wasm-runtime/0.9.4-2": {
      "name": "skiko-js-wasm-runtime",
      "version": "0.9.4-2",
      "extraneous": true,
      "devDependencies": {}
    },
    "packages_imported/skiko-wasm-js/0.144.6": {
      "name": "skiko-wasm-js",
      "version": "0.144.6",
      "devDependencies": {}
    },
    "packages_imported/skiko-wasm-js/0.9.37-4": {
      "name": "skiko-wasm-js",
      "version": "0.9.37-4",
      "extraneous": true,
      "devDependencies": {}
    },
    "packages_imported/skiko-wasm-js/0.9.4-2": {
      "name": "skiko-wasm-js",
      "version": "0.9.4-2",
      "extraneous": true,
      "devDependencies": {}
    },
    "packages/nation-countries": {
      "version": "3.3.8",
      "devDependencies": {}
    },
    "packages/nation-countries-test": {
      "version": "3.3.8",
      "devDependencies": {}
    },
    "packages/nation-currencies": {
      "version": "3.3.8",
      "devDependencies": {}
    },
    "packages/nation-currencies-test": {
      "version": "3.3.8",
      "devDependencies": {}
    },
    "packages/nation-flags-compose": {
      "version": "3.3.8",
      "devDependencies": {}
    },
    "packages/nation-flags-compose-test": {
      "version": "3.3.8",
      "devDependencies": {}
    }
  }
}
